
Microsoft Visual Studio Solution File, Format Version 12.00
# Visual Studio Version 16
VisualStudioVersion = 16.0.29920.165
MinimumVisualStudioVersion = 10.0.40219.1
Project("{888888A0-9F3D-457C-B088-3A5042F75D52}") = "LorenzAttractorRNN", "LorenzAttractorRNN\LorenzAttractorRNN.pyproj", "{C40EEFFF-DF3D-45B3-A877-8387931C0A64}"
EndProject
Global
	GlobalSection(SolutionConfigurationPlatforms) = preSolution
		Debug|Any CPU = Debug|Any CPU
		Release|Any CPU = Release|Any CPU
	EndGlobalSection
	GlobalSection(ProjectConfigurationPlatforms) = postSolution
		{C40EEFFF-DF3D-45B3-A877-8387931C0A64}.Debug|Any CPU.ActiveCfg = Debug|Any CPU
		{C40EEFFF-DF3D-45B3-A877-8387931C0A64}.Release|Any CPU.ActiveCfg = Release|Any CPU
	EndGlobalSection
	GlobalSection(SolutionProperties) = preSolution
		HideSolutionNode = FALSE
	EndGlobalSection
	GlobalSection(ExtensibilityGlobals) = postSolution
		SolutionGuid = {CD523785-2F39-47D5-BEE5-B83FB5BC15A0}
	EndGlobalSection
EndGlobal
